// !$*UTF8*$!
{
	archiveVersion = 1;
	classes = {
	};
	objectVersion = 46;
	objects = {

/* Begin PBXBuildFile section */
		4D26427B1FF3C85D00399DD4 /* AppDelegate.swift in Sources */ = {isa = PBXBuildFile; fileRef = 4D26427A1FF3C85D00399DD4 /* AppDelegate.swift */; };
		4D26427D1FF3C85D00399DD4 /* ViewController.swift in Sources */ = {isa = PBXBuildFile; fileRef = 4D26427C1FF3C85D00399DD4 /* ViewController.swift */; };
		4D2642801FF3C85D00399DD4 /* Main.storyboard in Resources */ = {isa = PBXBuildFile; fileRef = 4D26427E1FF3C85D00399DD4 /* Main.storyboard */; };
		4D2642821FF3C85D00399DD4 /* Assets.xcassets in Resources */ = {isa = PBXBuildFile; fileRef = 4D2642811FF3C85D00399DD4 /* Assets.xcassets */; };
		4D2642851FF3C85D00399DD4 /* LaunchScreen.storyboard in Resources */ = {isa = PBXBuildFile; fileRef = 4D2642831FF3C85D00399DD4 /* LaunchScreen.storyboard */; };
		C0CFB952771C701370962120 /* Pods_WhatsUp.framework in Frameworks */ = {isa = PBXBuildFile; fileRef = 6B6E040F7924CA75763C52E2 /* Pods_WhatsUp.framework */; };
/* End PBXBuildFile section */

/* Begin PBXFileReference section */
		4D2642771FF3C85D00399DD4 /* WhatsUp.app */ = {isa = PBXFileReference; explicitFileType = wrapper.application; includeInIndex = 0; path = WhatsUp.app; sourceTree = BUILT_PRODUCTS_DIR; };
		4D26427A1FF3C85D00399DD4 /* AppDelegate.swift */ = {isa = PBXFileReference; lastKnownFileType = sourcecode.swift; path = AppDelegate.swift; sourceTree = "<group>"; };
		4D26427C1FF3C85D00399DD4 /* ViewController.swift */ = {isa = PBXFileReference; lastKnownFileType = sourcecode.swift; path = ViewController.swift; sourceTree = "<group>"; };
		4D26427F1FF3C85D00399DD4 /* Base */ = {isa = PBXFileReference; lastKnownFileType = file.storyboard; name = Base; path = Base.lproj/Main.storyboard; sourceTree = "<group>"; };
		4D2642811FF3C85D00399DD4 /* Assets.xcassets */ = {isa = PBXFileReference; lastKnownFileType = folder.assetcatalog; path = Assets.xcassets; sourceTree = "<group>"; };
		4D2642841FF3C85D00399DD4 /* Base */ = {isa = PBXFileReference; lastKnownFileType = file.storyboard; name = Base; path = Base.lproj/LaunchScreen.storyboard; sourceTree = "<group>"; };
		4D2642861FF3C85D00399DD4 /* Info.plist */ = {isa = PBXFileReference; lastKnownFileType = text.plist.xml; path = Info.plist; sourceTree = "<group>"; };
		5B08356DCF8901E99DAFA930 /* Pods-WhatsUp.release.xcconfig */ = {isa = PBXFileReference; includeInIndex = 1; lastKnownFileType = text.xcconfig; name = "Pods-WhatsUp.release.xcconfig"; path = "Pods/Target Support Files/Pods-WhatsUp/Pods-WhatsUp.release.xcconfig"; sourceTree = "<group>"; };
		6B6E040F7924CA75763C52E2 /* Pods_WhatsUp.framework */ = {isa = PBXFileReference; explicitFileType = wrapper.framework; includeInIndex = 0; path = Pods_WhatsUp.framework; sourceTree = BUILT_PRODUCTS_DIR; };
		D5762B8AC2A76036F1D6CE22 /* Pods-WhatsUp.debug.xcconfig */ = {isa = PBXFileReference; includeInIndex = 1; lastKnownFileType = text.xcconfig; name = "Pods-WhatsUp.debug.xcconfig"; path = "Pods/Target Support Files/Pods-WhatsUp/Pods-WhatsUp.debug.xcconfig"; sourceTree = "<group>"; };
/* End PBXFileReference section */

/* Begin PBXFrameworksBuildPhase section */
		4D2642741FF3C85D00399DD4 /* Frameworks */ = {
			isa = PBXFrameworksBuildPhase;
			buildActionMask = 2147483647;
			files = (
				C0CFB952771C701370962120 /* Pods_WhatsUp.framework in Frameworks */,
			);
			runOnlyForDeploymentPostprocessing = 0;
		};
/* End PBXFrameworksBuildPhase section */

/* Begin PBXGroup section */
		256BC14BB6987D44F9BA9140 /* Frameworks */ = {
			isa = PBXGroup;
			children = (
				6B6E040F7924CA75763C52E2 /* Pods_WhatsUp.framework */,
			);
			name = Frameworks;
			sourceTree = "<group>";
		};
		4D26426E1FF3C85D00399DD4 = {
			isa = PBXGroup;
			children = (
				4D2642791FF3C85D00399DD4 /* WhatsUp */,
				4D2642781FF3C85D00399DD4 /* Products */,
				76C9C8407918EC28B8EBC677 /* Pods */,
				256BC14BB6987D44F9BA9140 /* Frameworks */,
			);
			sourceTree = "<group>";
		};
		4D2642781FF3C85D00399DD4 /* Products */ = {
			isa = PBXGroup;
			children = (
				4D2642771FF3C85D00399DD4 /* WhatsUp.app */,
			);
			name = Products;
			sourceTree = "<group>";
		};
		4D2642791FF3C85D00399DD4 /* WhatsUp */ = {
			isa = PBXGroup;
			children = (
				4D26427A1FF3C85D00399DD4 /* AppDelegate.swift */,
				4D26427C1FF3C85D00399DD4 /* ViewController.swift */,
				4D26427E1FF3C85D00399DD4 /* Main.storyboard */,
				4D2642811FF3C85D00399DD4 /* Assets.xcassets */,
				4D2642831FF3C85D00399DD4 /* LaunchScreen.storyboard */,
				4D2642861FF3C85D00399DD4 /* Info.plist */,
			);
			path = WhatsUp;
			sourceTree = "<group>";
		};
		76C9C8407918EC28B8EBC677 /* Pods */ = {
			isa = PBXGroup;
			children = (
				D5762B8AC2A76036F1D6CE22 /* Pods-WhatsUp.debug.xcconfig */,
				5B08356DCF8901E99DAFA930 /* Pods-WhatsUp.release.xcconfig */,
			);
			name = Pods;
			sourceTree = "<group>";
		};
/* End PBXGroup section */

/* Begin PBXNativeTarget section */
		4D2642761FF3C85D00399DD4 /* WhatsUp */ = {
			isa = PBXNativeTarget;
			buildConfigurationList = 4D2642891FF3C85D00399DD4 /* Build configuration list for PBXNativeTarget "WhatsUp" */;
			buildPhases = (
				B1A818D1F9892AAA2999A138 /* [CP] Check Pods Manifest.lock */,
				4D2642731FF3C85D00399DD4 /* Sources */,
				4D2642741FF3C85D00399DD4 /* Frameworks */,
				4D2642751FF3C85D00399DD4 /* Resources */,
				650E42F25849CEEAC32356FB /* [CP] Embed Pods Frameworks */,
				D9B4F411039AEE06E3A27F90 /* [CP] Copy Pods Resources */,
			);
			buildRules = (
			);
			dependencies = (
			);
			name = WhatsUp;
			productName = WhatsUp;
			productReference = 4D2642771FF3C85D00399DD4 /* WhatsUp.app */;
			productType = "com.apple.product-type.application";
		};
/* End PBXNativeTarget section */

/* Begin PBXProject section */
		4D26426F1FF3C85D00399DD4 /* Project object */ = {
			isa = PBXProject;
			attributes = {
				LastSwiftUpdateCheck = 0730;
				LastUpgradeCheck = 0730;
				ORGANIZATIONNAME = "Higher Visibility";
				TargetAttributes = {
					4D2642761FF3C85D00399DD4 = {
						CreatedOnToolsVersion = 7.3;
					};
				};
			};
			buildConfigurationList = 4D2642721FF3C85D00399DD4 /* Build configuration list for PBXProject "WhatsUp" */;
			compatibilityVersion = "Xcode 3.2";
			developmentRegion = English;
			hasScannedForEncodings = 0;
			knownRegions = (
				en,
				Base,
			);
			mainGroup = 4D26426E1FF3C85D00399DD4;
			productRefGroup = 4D2642781FF3C85D00399DD4 /* Products */;
			projectDirPath = "";
			projectRoot = "";
			targets = (
				4D2642761FF3C85D00399DD4 /* WhatsUp */,
			);
		};
/* End PBXProject section */

/* Begin PBXResourcesBuildPhase section */
		4D2642751FF3C85D00399DD4 /* Resources */ = {
			isa = PBXResourcesBuildPhase;
			buildActionMask = 2147483647;
			files = (
				4D2642851FF3C85D00399DD4 /* LaunchScreen.storyboard in Resources */,
				4D2642821FF3C85D00399DD4 /* Assets.xcassets in Resources */,
				4D2642801FF3C85D00399DD4 /* Main.storyboard in Resources */,
			);
			runOnlyForDeploymentPostprocessing = 0;
		};
/* End PBXResourcesBuildPhase section */

/* Begin PBXShellScriptBuildPhase section */
		650E42F25849CEEAC32356FB /* [CP] Embed Pods Frameworks */ = {
			isa = PBXShellScriptBuildPhase;
			buildActionMask = 2147483647;
			files = (
			);
			inputPaths = (
				"${SRCROOT}/Pods/Target Support Files/Pods-WhatsUp/Pods-WhatsUp-frameworks.sh",
				"${BUILT_PRODUCTS_DIR}/JSQMessagesViewController/JSQMessagesViewController.framework",
				"${BUILT_PRODUCTS_DIR}/JSQSystemSoundPlayer/JSQSystemSoundPlayer.framework",
			);
			name = "[CP] Embed Pods Frameworks";
			outputPaths = (
				"${TARGET_BUILD_DIR}/${FRAMEWORKS_FOLDER_PATH}/JSQMessagesViewController.framework",
				"${TARGET_BUILD_DIR}/${FRAMEWORKS_FOLDER_PATH}/JSQSystemSoundPlayer.framework",
			);
			runOnlyForDeploymentPostprocessing = 0;
			shellPath = /bin/sh;
			shellScript = "\"${SRCROOT}/Pods/Target Support Files/Pods-WhatsUp/Pods-WhatsUp-frameworks.sh\"\n";
			showEnvVarsInLog = 0;
		};
		B1A818D1F9892AAA2999A138 /* [CP] Check Pods Manifest.lock */ = {
			isa = PBXShellScriptBuildPhase;
			buildActionMask = 2147483647;
			files = (
			);
			inputPaths = (
				"${PODS_PODFILE_DIR_PATH}/Podfile.lock",
				"${PODS_ROOT}/Manifest.lock",
			);
			name = "[CP] Check Pods Manifest.lock";
			outputPaths = (
				"$(DERIVED_FILE_DIR)/Pods-WhatsUp-checkManifestLockResult.txt",
			);
			runOnlyForDeploymentPostprocessing = 0;
			shellPath = /bin/sh;
			shellScript = "diff \"${PODS_PODFILE_DIR_PATH}/Podfile.lock\" \"${PODS_ROOT}/Manifest.lock\" > /dev/null\nif [ $? != 0 ] ; then\n    # print error to STDERR\n    echo \"error: The sandbox is not in sync with the Podfile.lock. Run 'pod install' or update your CocoaPods installation.\" >&2\n    exit 1\nfi\n# This output is used by Xcode 'outputs' to avoid re-running this script phase.\necho \"SUCCESS\" > \"${SCRIPT_OUTPUT_FILE_0}\"\n";
			showEnvVarsInLog = 0;
		};
		D9B4F411039AEE06E3A27F90 /* [CP] Copy Pods Resources */ = {
			isa = PBXShellScriptBuildPhase;
			buildActionMask = 2147483647;
			files = (
			);
			inputPaths = (
			);
			name = "[CP] Copy Pods Resources";
			outputPaths = (
			);
			runOnlyForDeploymentPostprocessing = 0;
			shellPath = /bin/sh;
			shellScript = "\"${SRCROOT}/Pods/Target Support Files/Pods-WhatsUp/Pods-WhatsUp-resources.sh\"\n";
			showEnvVarsInLog = 0;
		};
/* End PBXShellScriptBuildPhase section */

/* Begin PBXSourcesBuildPhase section */
		4D2642731FF3C85D00399DD4 /* Sources */ = {
			isa = PBXSourcesBuildPhase;
			buildActionMask = 2147483647;
			files = (
				4D26427D1FF3C85D00399DD4 /* ViewController.swift in Sources */,
				4D26427B1FF3C85D00399DD4 /* AppDelegate.swift in Sources */,
			);
			runOnlyForDeploymentPostprocessing = 0;
		};
/* End PBXSourcesBuildPhase section */

/* Begin PBXVariantGroup section */
		4D26427E1FF3C85D00399DD4 /* Main.storyboard */ = {
			isa = PBXVariantGroup;
			children = (
				4D26427F1FF3C85D00399DD4 /* Base */,
			);
			name = Main.storyboard;
			sourceTree = "<group>";
		};
		4D2642831FF3C85D00399DD4 /* LaunchScreen.storyboard */ = {
			isa = PBXVariantGroup;
			children = (
				4D2642841FF3C85D00399DD4 /* Base */,
			);
			name = LaunchScreen.storyboard;
			sourceTree = "<group>";
		};
/* End PBXVariantGroup section */

/* Begin XCBuildConfiguration section */
		4D2642871FF3C85D00399DD4 /* Debug */ = {
			isa = XCBuildConfiguration;
			buildSettings = {
				ALWAYS_SEARCH_USER_PATHS = NO;
				CLANG_ANALYZER_NONNULL = YES;
				CLANG_CXX_LANGUAGE_STANDARD = "gnu++0x";
				CLANG_CXX_LIBRARY = "libc++";
				CLANG_ENABLE_MODULES = YES;
				CLANG_ENABLE_OBJC_ARC = YES;
				CLANG_WARN_BOOL_CONVERSION = YES;
				CLANG_WARN_CONSTANT_CONVERSION = YES;
				CLANG_WARN_DIRECT_OBJC_ISA_USAGE = YES_ERROR;
				CLANG_WARN_EMPTY_BODY = YES;
				CLANG_WARN_ENUM_CONVERSION = YES;
				CLANG_WARN_INT_CONVERSION = YES;
				CLANG_WARN_OBJC_ROOT_CLASS = YES_ERROR;
				CLANG_WARN_UNREACHABLE_CODE = YES;
				CLANG_WARN__DUPLICATE_METHOD_MATCH = YES;
				"CODE_SIGN_IDENTITY[sdk=iphoneos*]" = "iPhone Developer";
				COPY_PHASE_STRIP = NO;
				DEBUG_INFORMATION_FORMAT = dwarf;
				ENABLE_STRICT_OBJC_MSGSEND = YES;
				ENABLE_TESTABILITY = YES;
				GCC_C_LANGUAGE_STANDARD = gnu99;
				GCC_DYNAMIC_NO_PIC = NO;
				GCC_NO_COMMON_BLOCKS = YES;
				GCC_OPTIMIZATION_LEVEL = 0;
				GCC_PREPROCESSOR_DEFINITIONS = (
					"DEBUG=1",
					"$(inherited)",
				);
				GCC_WARN_64_TO_32_BIT_CONVERSION = YES;
				GCC_WARN_ABOUT_RETURN_TYPE = YES_ERROR;
				GCC_WARN_UNDECLARED_SELECTOR = YES;
				GCC_WARN_UNINITIALIZED_AUTOS = YES_AGGRESSIVE;
				GCC_WARN_UNUSED_FUNCTION = YES;
				GCC_WARN_UNUSED_VARIABLE = YES;
				IPHONEOS_DEPLOYMENT_TARGET = 9.3;
				MTL_ENABLE_DEBUG_INFO = YES;
				ONLY_ACTIVE_ARCH = YES;
				SDKROOT = iphoneos;
				SWIFT_OPTIMIZATION_LEVEL = "-Onone";
				TARGETED_DEVICE_FAMILY = "1,2";
			};
			name = Debug;
		};
		4D2642881FF3C85D00399DD4 /* Release */ = {
			isa = XCBuildConfiguration;
			buildSettings = {
				ALWAYS_SEARCH_USER_PATHS = NO;
				CLANG_ANALYZER_NONNULL = YES;
				CLANG_CXX_LANGUAGE_STANDARD = "gnu++0x";
				CLANG_CXX_LIBRARY = "libc++";
				CLANG_ENABLE_MODULES = YES;
				CLANG_ENABLE_OBJC_ARC = YES;
				CLANG_WARN_BOOL_CONVERSION = YES;
				CLANG_WARN_CONSTANT_CONVERSION = YES;
				CLANG_WARN_DIRECT_OBJC_ISA_USAGE = YES_ERROR;
				CLANG_WARN_EMPTY_BODY = YES;
				CLANG_WARN_ENUM_CONVERSION = YES;
				CLANG_WARN_INT_CONVERSION = YES;
				CLANG_WARN_OBJC_ROOT_CLASS = YES_ERROR;
				CLANG_WARN_UNREACHABLE_CODE = YES;
				CLANG_WARN__DUPLICATE_METHOD_MATCH = YES;
				"CODE_SIGN_IDENTITY[sdk=iphoneos*]" = "iPhone Developer";
				COPY_PHASE_STRIP = NO;
				DEBUG_INFORMATION_FORMAT = "dwarf-with-dsym";
				ENABLE_NS_ASSERTIONS = NO;
				ENABLE_STRICT_OBJC_MSGSEND = YES;
				GCC_C_LANGUAGE_STANDARD = gnu99;
				GCC_NO_COMMON_BLOCKS = YES;
				GCC_WARN_64_TO_32_BIT_CONVERSION = YES;
				GCC_WARN_ABOUT_RETURN_TYPE = YES_ERROR;
				GCC_WARN_UNDECLARED_SELECTOR = YES;
				GCC_WARN_UNINITIALIZED_AUTOS = YES_AGGRESSIVE;
				GCC_WARN_UNUSED_FUNCTION = YES;
				GCC_WARN_UNUSED_VARIABLE = YES;
				IPHONEOS_DEPLOYMENT_TARGET = 9.3;
				MTL_ENABLE_DEBUG_INFO = NO;
				SDKROOT = iphoneos;
				TARGETED_DEVICE_FAMILY = "1,2";
				VALIDATE_PRODUCT = YES;
			};
			name = Release;
		};
		4D26428A1FF3C85D00399DD4 /* Debug */ = {
			isa = XCBuildConfiguration;
			baseConfigurationReference = D5762B8AC2A76036F1D6CE22 /* Pods-WhatsUp.debug.xcconfig */;
			buildSettings = {
				ASSETCATALOG_COMPILER_APPICON_NAME = AppIcon;
				CODE_SIGN_IDENTITY = "iPhone Developer";
				INFOPLIST_FILE = WhatsUp/Info.plist;
				LD_RUNPATH_SEARCH_PATHS = "$(inherited) @executable_path/Frameworks";
				PRODUCT_BUNDLE_IDENTIFIER = com.higherVisibility.scrolldemo.WhatsUp;
				PRODUCT_NAME = "$(TARGET_NAME)";
			};
			name = Debug;
		};
		4D26428B1FF3C85D00399DD4 /* Release */ = {
			isa = XCBuildConfiguration;
			baseConfigurationReference = 5B08356DCF8901E99DAFA930 /* Pods-WhatsUp.release.xcconfig */;
			buildSettings = {
				ASSETCATALOG_COMPILER_APPICON_NAME = AppIcon;
				CODE_SIGN_IDENTITY = "iPhone Developer";
				INFOPLIST_FILE = WhatsUp/Info.plist;
				LD_RUNPATH_SEARCH_PATHS = "$(inherited) @executable_path/Frameworks";
				PRODUCT_BUNDLE_IDENTIFIER = com.higherVisibility.scrolldemo.WhatsUp;
				PRODUCT_NAME = "$(TARGET_NAME)";
			};
			name = Release;
		};
/* End XCBuildConfiguration section */

/* Begin XCConfigurationList section */
		4D2642721FF3C85D00399DD4 /* Build configuration list for PBXProject "WhatsUp" */ = {
			isa = XCConfigurationList;
			buildConfigurations = (
				4D2642871FF3C85D00399DD4 /* Debug */,
				4D2642881FF3C85D00399DD4 /* Release */,
			);
			defaultConfigurationIsVisible = 0;
			defaultConfigurationName = Release;
		};
		4D2642891FF3C85D00399DD4 /* Build configuration list for PBXNativeTarget "WhatsUp" */ = {
			isa = XCConfigurationList;
			buildConfigurations = (
				4D26428A1FF3C85D00399DD4 /* Debug */,
				4D26428B1FF3C85D00399DD4 /* Release */,
			);
			defaultConfigurationIsVisible = 0;
		};
/* End XCConfigurationList section */
	};
	rootObject = 4D26426F1FF3C85D00399DD4 /* Project object */;
}
